
Microsoft Visual Studio Solution File, Format Version 12.00
# Visual Studio Version 16
VisualStudioVersion = 16.0.31025.194
MinimumVisualStudioVersion = 10.0.40219.1
Project("{FAE04EC0-301F-11D3-BF4B-00C04F79EFBC}") = "labour12", "labour12.csproj", "{BED31321-3A52-4C3F-9595-D4836EB37252}"
EndProject
Global
	GlobalSection(SolutionConfigurationPlatforms) = preSolution
		Debug|Any CPU = Debug|Any CPU
		Release|Any CPU = Release|Any CPU
	EndGlobalSection
	GlobalSection(ProjectConfigurationPlatforms) = postSolution
		{BED31321-3A52-4C3F-9595-D4836EB37252}.Debug|Any CPU.ActiveCfg = Debug|Any CPU
		{BED31321-3A52-4C3F-9595-D4836EB37252}.Debug|Any CPU.Build.0 = Debug|Any CPU
		{BED31321-3A52-4C3F-9595-D4836EB37252}.Release|Any CPU.ActiveCfg = Release|Any CPU
		{BED31321-3A52-4C3F-9595-D4836EB37252}.Release|Any CPU.Build.0 = Release|Any CPU
	EndGlobalSection
	GlobalSection(SolutionProperties) = preSolution
		HideSolutionNode = FALSE
	EndGlobalSection
	GlobalSection(ExtensibilityGlobals) = postSolution
		SolutionGuid = {993D239F-E58D-45DC-8966-59F334CD6DE9}
	EndGlobalSection
EndGlobal
